
Microsoft Visual Studio Solution File, Format Version 12.00
# Visual Studio Version 17
VisualStudioVersion = 17.0.31717.71
MinimumVisualStudioVersion = 10.0.40219.1
Project("{9A19103F-16F7-4668-BE54-9A1E7A4F7556}") = "MyBrewery.Domain", "MyBrewery.Domain\MyBrewery.Domain.csproj", "{510457EC-7426-42CC-9372-1C6902ACDA70}"
EndProject
Project("{9A19103F-16F7-4668-BE54-9A1E7A4F7556}") = "MyBrewery.API", "MyBrewery.API\MyBrewery.API.csproj", "{E452176D-DD26-494F-9E42-A50D193C01DD}"
EndProject
Project("{9A19103F-16F7-4668-BE54-9A1E7A4F7556}") = "MyBrewery.Application", "MyBrewery.Application\MyBrewery.Application.csproj", "{F7F93016-BA33-4C47-B3FD-AD455AA61486}"
EndProject
Project("{9A19103F-16F7-4668-BE54-9A1E7A4F7556}") = "MyBrewery.Infrastructure", "MyBrewery.Infrastructure\MyBrewery.Infrastructure.csproj", "{92438809-EC35-48FE-8604-AA416E0F45DF}"
EndProject
Global
	GlobalSection(SolutionConfigurationPlatforms) = preSolution
		Debug|Any CPU = Debug|Any CPU
		Release|Any CPU = Release|Any CPU
	EndGlobalSection
	GlobalSection(ProjectConfigurationPlatforms) = postSolution
		{510457EC-7426-42CC-9372-1C6902ACDA70}.Debug|Any CPU.ActiveCfg = Debug|Any CPU
		{510457EC-7426-42CC-9372-1C6902ACDA70}.Debug|Any CPU.Build.0 = Debug|Any CPU
		{510457EC-7426-42CC-9372-1C6902ACDA70}.Release|Any CPU.ActiveCfg = Release|Any CPU
		{510457EC-7426-42CC-9372-1C6902ACDA70}.Release|Any CPU.Build.0 = Release|Any CPU
		{E452176D-DD26-494F-9E42-A50D193C01DD}.Debug|Any CPU.ActiveCfg = Debug|Any CPU
		{E452176D-DD26-494F-9E42-A50D193C01DD}.Debug|Any CPU.Build.0 = Debug|Any CPU
		{E452176D-DD26-494F-9E42-A50D193C01DD}.Release|Any CPU.ActiveCfg = Release|Any CPU
		{E452176D-DD26-494F-9E42-A50D193C01DD}.Release|Any CPU.Build.0 = Release|Any CPU
		{F7F93016-BA33-4C47-B3FD-AD455AA61486}.Debug|Any CPU.ActiveCfg = Debug|Any CPU
		{F7F93016-BA33-4C47-B3FD-AD455AA61486}.Debug|Any CPU.Build.0 = Debug|Any CPU
		{F7F93016-BA33-4C47-B3FD-AD455AA61486}.Release|Any CPU.ActiveCfg = Release|Any CPU
		{F7F93016-BA33-4C47-B3FD-AD455AA61486}.Release|Any CPU.Build.0 = Release|Any CPU
		{92438809-EC35-48FE-8604-AA416E0F45DF}.Debug|Any CPU.ActiveCfg = Debug|Any CPU
		{92438809-EC35-48FE-8604-AA416E0F45DF}.Debug|Any CPU.Build.0 = Debug|Any CPU
		{92438809-EC35-48FE-8604-AA416E0F45DF}.Release|Any CPU.ActiveCfg = Release|Any CPU
		{92438809-EC35-48FE-8604-AA416E0F45DF}.Release|Any CPU.Build.0 = Release|Any CPU
	EndGlobalSection
	GlobalSection(SolutionProperties) = preSolution
		HideSolutionNode = FALSE
	EndGlobalSection
	GlobalSection(ExtensibilityGlobals) = postSolution
		SolutionGuid = {B58D93FD-5413-4A59-A770-91790476129B}
	EndGlobalSection
EndGlobal
